
Microsoft Visual Studio Solution File, Format Version 12.00
# Visual Studio 15
VisualStudioVersion = 15.0.28307.1169
MinimumVisualStudioVersion = 10.0.40219.1
Project("{FAE04EC0-301F-11D3-BF4B-00C04F79EFBC}") = "RahnMonitor", "CRIMSearch\RahnMonitor.csproj", "{8B877982-E56E-4E92-B2B6-57D6F8C142DD}"
EndProject
Project("{54435603-DBB4-11D2-8724-00A0C9A8B90C}") = "RahnSetup", "RahnSetup\RahnSetup.vdproj", "{805449C7-7952-48B6-84F9-4BF929E5BADD}"
EndProject
Global
	GlobalSection(SolutionConfigurationPlatforms) = preSolution
		Debug|Any CPU = Debug|Any CPU
		Release|Any CPU = Release|Any CPU
	EndGlobalSection
	GlobalSection(ProjectConfigurationPlatforms) = postSolution
		{8B877982-E56E-4E92-B2B6-57D6F8C142DD}.Debug|Any CPU.ActiveCfg = Debug|Any CPU
		{8B877982-E56E-4E92-B2B6-57D6F8C142DD}.Debug|Any CPU.Build.0 = Debug|Any CPU
		{8B877982-E56E-4E92-B2B6-57D6F8C142DD}.Release|Any CPU.ActiveCfg = Release|Any CPU
		{8B877982-E56E-4E92-B2B6-57D6F8C142DD}.Release|Any CPU.Build.0 = Release|Any CPU
		{805449C7-7952-48B6-84F9-4BF929E5BADD}.Debug|Any CPU.ActiveCfg = Debug
		{805449C7-7952-48B6-84F9-4BF929E5BADD}.Release|Any CPU.ActiveCfg = Release
	EndGlobalSection
	GlobalSection(SolutionProperties) = preSolution
		HideSolutionNode = FALSE
	EndGlobalSection
	GlobalSection(ExtensibilityGlobals) = postSolution
		SolutionGuid = {C1A6068D-49A3-434B-A736-3CF98F20E70A}
	EndGlobalSection
EndGlobal
